// !$*UTF8*$!
{
	archiveVersion = 1;
	classes = {
	};
	objectVersion = 77;
	objects = {

/* Begin PBXFileReference section */
		0B61DCDE2D67827900E26993 /* Main.playground */ = {isa = PBXFileReference; lastKnownFileType = file.playground; path = Main.playground; sourceTree = "<group>"; xcLanguageSpecificationIdentifier = xcode.lang.swift; };
/* End PBXFileReference section */

/* Begin PBXGroup section */
		0B61DCD62D677E9800E26993 = {
			isa = PBXGroup;
			children = (
				0B61DCDE2D67827900E26993 /* Main.playground */,
			);
			sourceTree = "<group>";
		};
/* End PBXGroup section */

/* Begin PBXProject section */
		0B61DCD72D677E9800E26993 /* Project object */ = {
			isa = PBXProject;
			attributes = {
				BuildIndependentTargetsInParallel = 1;
				LastUpgradeCheck = 1620;
			};
			buildConfigurationList = 0B61DCDA2D677E9800E26993 /* Build configuration list for PBXProject "Swift OOP" */;
			developmentRegion = en;
			hasScannedForEncodings = 0;
			knownRegions = (
				en,
				Base,
			);
			mainGroup = 0B61DCD62D677E9800E26993;
			minimizedProjectReferenceProxies = 1;
			preferredProjectObjectVersion = 77;
			projectDirPath = "";
			projectRoot = "";
			targets = (
			);
		};
/* End PBXProject section */

/* Begin XCBuildConfiguration section */
		0B61DCDB2D677E9800E26993 /* Debug */ = {
			isa = XCBuildConfiguration;
			buildSettings = {
			};
			name = Debug;
		};
		0B61DCDC2D677E9800E26993 /* Release */ = {
			isa = XCBuildConfiguration;
			buildSettings = {
			};
			name = Release;
		};
/* End XCBuildConfiguration section */

/* Begin XCConfigurationList section */
		0B61DCDA2D677E9800E26993 /* Build configuration list for PBXProject "Swift OOP" */ = {
			isa = XCConfigurationList;
			buildConfigurations = (
				0B61DCDB2D677E9800E26993 /* Debug */,
				0B61DCDC2D677E9800E26993 /* Release */,
			);
			defaultConfigurationIsVisible = 0;
			defaultConfigurationName = Release;
		};
/* End XCConfigurationList section */
	};
	rootObject = 0B61DCD72D677E9800E26993 /* Project object */;
}
